// !$*UTF8*$!
{
	archiveVersion = 1;
	classes = {
	};
	objectVersion = 77;
	objects = {

/* Begin PBXBuildFile section */
		44667CB62D8DC4EB00DCF902 /* README.md in Resources */ = {isa = PBXBuildFile; fileRef = 44667CB52D8DC4E100DCF902 /* README.md */; };
/* End PBXBuildFile section */

/* Begin PBXContainerItemProxy section */
		44910D202D8072CB00AF8397 /* PBXContainerItemProxy */ = {
			isa = PBXContainerItemProxy;
			containerPortal = 44910D012D8072C800AF8397 /* Project object */;
			proxyType = 1;
			remoteGlobalIDString = 44910D082D8072C800AF8397;
			remoteInfo = "Month Budget";
		};
		44910D2A2D8072CB00AF8397 /* PBXContainerItemProxy */ = {
			isa = PBXContainerItemProxy;
			containerPortal = 44910D012D8072C800AF8397 /* Project object */;
			proxyType = 1;
			remoteGlobalIDString = 44910D082D8072C800AF8397;
			remoteInfo = "Month Budget";
		};
/* End PBXContainerItemProxy section */

/* Begin PBXFileReference section */
		44667CB52D8DC4E100DCF902 /* README.md */ = {isa = PBXFileReference; lastKnownFileType = net.daringfireball.markdown; path = README.md; sourceTree = "<group>"; };
		44910D092D8072C900AF8397 /* Month Budget.app */ = {isa = PBXFileReference; explicitFileType = wrapper.application; includeInIndex = 0; path = "Month Budget.app"; sourceTree = BUILT_PRODUCTS_DIR; };
		44910D1F2D8072CB00AF8397 /* Month BudgetTests.xctest */ = {isa = PBXFileReference; explicitFileType = wrapper.cfbundle; includeInIndex = 0; path = "Month BudgetTests.xctest"; sourceTree = BUILT_PRODUCTS_DIR; };
		44910D292D8072CB00AF8397 /* Month BudgetUITests.xctest */ = {isa = PBXFileReference; explicitFileType = wrapper.cfbundle; includeInIndex = 0; path = "Month BudgetUITests.xctest"; sourceTree = BUILT_PRODUCTS_DIR; };
/* End PBXFileReference section */

/* Begin PBXFileSystemSynchronizedBuildFileExceptionSet section */
		446529A42D977ADE00C71076 /* Exceptions for "Month Budget" folder in "Month Budget" target */ = {
			isa = PBXFileSystemSynchronizedBuildFileExceptionSet;
			membershipExceptions = (
				Backend/CoreData/Month_Budget.xcdatamodeld,
			);
			target = 44910D082D8072C800AF8397 /* Month Budget */;
		};
/* End PBXFileSystemSynchronizedBuildFileExceptionSet section */

/* Begin PBXFileSystemSynchronizedGroupBuildPhaseMembershipExceptionSet section */
		446529A52D977ADE00C71076 /* Exceptions for "Month Budget" folder in "Compile Sources" phase from "Month Budget" target */ = {
			isa = PBXFileSystemSynchronizedGroupBuildPhaseMembershipExceptionSet;
			buildPhase = 44910D052D8072C800AF8397 /* Sources */;
			membershipExceptions = (
				Backend/CoreData/Month_Budget.xcdatamodeld,
			);
		};
/* End PBXFileSystemSynchronizedGroupBuildPhaseMembershipExceptionSet section */

/* Begin PBXFileSystemSynchronizedRootGroup section */
		44910D0B2D8072C900AF8397 /* Month Budget */ = {
			isa = PBXFileSystemSynchronizedRootGroup;
			exceptions = (
				446529A42D977ADE00C71076 /* Exceptions for "Month Budget" folder in "Month Budget" target */,
				446529A52D977ADE00C71076 /* Exceptions for "Month Budget" folder in "Compile Sources" phase from "Month Budget" target */,
			);
			path = "Month Budget";
			sourceTree = "<group>";
		};
		44910D222D8072CB00AF8397 /* Month BudgetTests */ = {
			isa = PBXFileSystemSynchronizedRootGroup;
			path = "Month BudgetTests";
			sourceTree = "<group>";
		};
		44910D2C2D8072CB00AF8397 /* Month BudgetUITests */ = {
			isa = PBXFileSystemSynchronizedRootGroup;
			path = "Month BudgetUITests";
			sourceTree = "<group>";
		};
/* End PBXFileSystemSynchronizedRootGroup section */

/* Begin PBXFrameworksBuildPhase section */
		44910D062D8072C800AF8397 /* Frameworks */ = {
			isa = PBXFrameworksBuildPhase;
			buildActionMask = 2147483647;
			files = (
			);
			runOnlyForDeploymentPostprocessing = 0;
		};
		44910D1C2D8072CB00AF8397 /* Frameworks */ = {
			isa = PBXFrameworksBuildPhase;
			buildActionMask = 2147483647;
			files = (
			);
			runOnlyForDeploymentPostprocessing = 0;
		};
		44910D262D8072CB00AF8397 /* Frameworks */ = {
			isa = PBXFrameworksBuildPhase;
			buildActionMask = 2147483647;
			files = (
			);
			runOnlyForDeploymentPostprocessing = 0;
		};
/* End PBXFrameworksBuildPhase section */

/* Begin PBXGroup section */
		44910D002D8072C800AF8397 = {
			isa = PBXGroup;
			children = (
				44910D0B2D8072C900AF8397 /* Month Budget */,
				44910D222D8072CB00AF8397 /* Month BudgetTests */,
				44910D2C2D8072CB00AF8397 /* Month BudgetUITests */,
				44910D0A2D8072C900AF8397 /* Products */,
				44667CB52D8DC4E100DCF902 /* README.md */,
			);
			sourceTree = "<group>";
		};
		44910D0A2D8072C900AF8397 /* Products */ = {
			isa = PBXGroup;
			children = (
				44910D092D8072C900AF8397 /* Month Budget.app */,
				44910D1F2D8072CB00AF8397 /* Month BudgetTests.xctest */,
				44910D292D8072CB00AF8397 /* Month BudgetUITests.xctest */,
			);
			name = Products;
			sourceTree = "<group>";
		};
/* End PBXGroup section */

/* Begin PBXNativeTarget section */
		44910D082D8072C800AF8397 /* Month Budget */ = {
			isa = PBXNativeTarget;
			buildConfigurationList = 44910D332D8072CB00AF8397 /* Build configuration list for PBXNativeTarget "Month Budget" */;
			buildPhases = (
				44910D052D8072C800AF8397 /* Sources */,
				44910D062D8072C800AF8397 /* Frameworks */,
				44910D072D8072C800AF8397 /* Resources */,
			);
			buildRules = (
			);
			dependencies = (
			);
			fileSystemSynchronizedGroups = (
				44910D0B2D8072C900AF8397 /* Month Budget */,
			);
			name = "Month Budget";
			packageProductDependencies = (
			);
			productName = "Month Budget";
			productReference = 44910D092D8072C900AF8397 /* Month Budget.app */;
			productType = "com.apple.product-type.application";
		};
		44910D1E2D8072CB00AF8397 /* Month BudgetTests */ = {
			isa = PBXNativeTarget;
			buildConfigurationList = 44910D362D8072CB00AF8397 /* Build configuration list for PBXNativeTarget "Month BudgetTests" */;
			buildPhases = (
				44910D1B2D8072CB00AF8397 /* Sources */,
				44910D1C2D8072CB00AF8397 /* Frameworks */,
				44910D1D2D8072CB00AF8397 /* Resources */,
			);
			buildRules = (
			);
			dependencies = (
				44910D212D8072CB00AF8397 /* PBXTargetDependency */,
			);
			fileSystemSynchronizedGroups = (
				44910D222D8072CB00AF8397 /* Month BudgetTests */,
			);
			name = "Month BudgetTests";
			packageProductDependencies = (
			);
			productName = "Month BudgetTests";
			productReference = 44910D1F2D8072CB00AF8397 /* Month BudgetTests.xctest */;
			productType = "com.apple.product-type.bundle.unit-test";
		};
		44910D282D8072CB00AF8397 /* Month BudgetUITests */ = {
			isa = PBXNativeTarget;
			buildConfigurationList = 44910D392D8072CB00AF8397 /* Build configuration list for PBXNativeTarget "Month BudgetUITests" */;
			buildPhases = (
				44910D252D8072CB00AF8397 /* Sources */,
				44910D262D8072CB00AF8397 /* Frameworks */,
				44910D272D8072CB00AF8397 /* Resources */,
			);
			buildRules = (
			);
			dependencies = (
				44910D2B2D8072CB00AF8397 /* PBXTargetDependency */,
			);
			fileSystemSynchronizedGroups = (
				44910D2C2D8072CB00AF8397 /* Month BudgetUITests */,
			);
			name = "Month BudgetUITests";
			packageProductDependencies = (
			);
			productName = "Month BudgetUITests";
			productReference = 44910D292D8072CB00AF8397 /* Month BudgetUITests.xctest */;
			productType = "com.apple.product-type.bundle.ui-testing";
		};
/* End PBXNativeTarget section */

/* Begin PBXProject section */
		44910D012D8072C800AF8397 /* Project object */ = {
			isa = PBXProject;
			attributes = {
				BuildIndependentTargetsInParallel = 1;
				LastSwiftUpdateCheck = 1620;
				LastUpgradeCheck = 1620;
				TargetAttributes = {
					44910D082D8072C800AF8397 = {
						CreatedOnToolsVersion = 16.2;
					};
					44910D1E2D8072CB00AF8397 = {
						CreatedOnToolsVersion = 16.2;
						TestTargetID = 44910D082D8072C800AF8397;
					};
					44910D282D8072CB00AF8397 = {
						CreatedOnToolsVersion = 16.2;
						TestTargetID = 44910D082D8072C800AF8397;
					};
				};
			};
			buildConfigurationList = 44910D042D8072C800AF8397 /* Build configuration list for PBXProject "Month Budget" */;
			developmentRegion = uk;
			hasScannedForEncodings = 0;
			knownRegions = (
				uk,
			);
			mainGroup = 44910D002D8072C800AF8397;
			minimizedProjectReferenceProxies = 1;
			preferredProjectObjectVersion = 77;
			productRefGroup = 44910D0A2D8072C900AF8397 /* Products */;
			projectDirPath = "";
			projectRoot = "";
			targets = (
				44910D082D8072C800AF8397 /* Month Budget */,
				44910D1E2D8072CB00AF8397 /* Month BudgetTests */,
				44910D282D8072CB00AF8397 /* Month BudgetUITests */,
			);
		};
/* End PBXProject section */

/* Begin PBXResourcesBuildPhase section */
		44910D072D8072C800AF8397 /* Resources */ = {
			isa = PBXResourcesBuildPhase;
			buildActionMask = 2147483647;
			files = (
				44667CB62D8DC4EB00DCF902 /* README.md in Resources */,
			);
			runOnlyForDeploymentPostprocessing = 0;
		};
		44910D1D2D8072CB00AF8397 /* Resources */ = {
			isa = PBXResourcesBuildPhase;
			buildActionMask = 2147483647;
			files = (
			);
			runOnlyForDeploymentPostprocessing = 0;
		};
		44910D272D8072CB00AF8397 /* Resources */ = {
			isa = PBXResourcesBuildPhase;
			buildActionMask = 2147483647;
			files = (
			);
			runOnlyForDeploymentPostprocessing = 0;
		};
/* End PBXResourcesBuildPhase section */

/* Begin PBXSourcesBuildPhase section */
		44910D052D8072C800AF8397 /* Sources */ = {
			isa = PBXSourcesBuildPhase;
			buildActionMask = 2147483647;
			files = (
			);
			runOnlyForDeploymentPostprocessing = 0;
		};
		44910D1B2D8072CB00AF8397 /* Sources */ = {
			isa = PBXSourcesBuildPhase;
			buildActionMask = 2147483647;
			files = (
			);
			runOnlyForDeploymentPostprocessing = 0;
		};
		44910D252D8072CB00AF8397 /* Sources */ = {
			isa = PBXSourcesBuildPhase;
			buildActionMask = 2147483647;
			files = (
			);
			runOnlyForDeploymentPostprocessing = 0;
		};
/* End PBXSourcesBuildPhase section */

/* Begin PBXTargetDependency section */
		44910D212D8072CB00AF8397 /* PBXTargetDependency */ = {
			isa = PBXTargetDependency;
			target = 44910D082D8072C800AF8397 /* Month Budget */;
			targetProxy = 44910D202D8072CB00AF8397 /* PBXContainerItemProxy */;
		};
		44910D2B2D8072CB00AF8397 /* PBXTargetDependency */ = {
			isa = PBXTargetDependency;
			target = 44910D082D8072C800AF8397 /* Month Budget */;
			targetProxy = 44910D2A2D8072CB00AF8397 /* PBXContainerItemProxy */;
		};
/* End PBXTargetDependency section */

/* Begin XCBuildConfiguration section */
		44910D312D8072CB00AF8397 /* Debug */ = {
			isa = XCBuildConfiguration;
			buildSettings = {
				ALWAYS_SEARCH_USER_PATHS = NO;
				ASSETCATALOG_COMPILER_GENERATE_SWIFT_ASSET_SYMBOL_EXTENSIONS = YES;
				CLANG_ANALYZER_NONNULL = YES;
				CLANG_ANALYZER_NUMBER_OBJECT_CONVERSION = YES_AGGRESSIVE;
				CLANG_CXX_LANGUAGE_STANDARD = "gnu++20";
				CLANG_ENABLE_MODULES = YES;
				CLANG_ENABLE_OBJC_ARC = YES;
				CLANG_ENABLE_OBJC_WEAK = YES;
				CLANG_WARN_BLOCK_CAPTURE_AUTORELEASING = YES;
				CLANG_WARN_BOOL_CONVERSION = YES;
				CLANG_WARN_COMMA = YES;
				CLANG_WARN_CONSTANT_CONVERSION = YES;
				CLANG_WARN_DEPRECATED_OBJC_IMPLEMENTATIONS = YES;
				CLANG_WARN_DIRECT_OBJC_ISA_USAGE = YES_ERROR;
				CLANG_WARN_DOCUMENTATION_COMMENTS = YES;
				CLANG_WARN_EMPTY_BODY = YES;
				CLANG_WARN_ENUM_CONVERSION = YES;
				CLANG_WARN_INFINITE_RECURSION = YES;
				CLANG_WARN_INT_CONVERSION = YES;
				CLANG_WARN_NON_LITERAL_NULL_CONVERSION = YES;
				CLANG_WARN_OBJC_IMPLICIT_RETAIN_SELF = YES;
				CLANG_WARN_OBJC_LITERAL_CONVERSION = YES;
				CLANG_WARN_OBJC_ROOT_CLASS = YES_ERROR;
				CLANG_WARN_QUOTED_INCLUDE_IN_FRAMEWORK_HEADER = YES;
				CLANG_WARN_RANGE_LOOP_ANALYSIS = YES;
				CLANG_WARN_STRICT_PROTOTYPES = YES;
				CLANG_WARN_SUSPICIOUS_MOVE = YES;
				CLANG_WARN_UNGUARDED_AVAILABILITY = YES_AGGRESSIVE;
				CLANG_WARN_UNREACHABLE_CODE = YES;
				CLANG_WARN__DUPLICATE_METHOD_MATCH = YES;
				COPY_PHASE_STRIP = NO;
				DEBUG_INFORMATION_FORMAT = dwarf;
				ENABLE_STRICT_OBJC_MSGSEND = YES;
				ENABLE_TESTABILITY = YES;
				ENABLE_USER_SCRIPT_SANDBOXING = YES;
				GCC_C_LANGUAGE_STANDARD = gnu17;
				GCC_DYNAMIC_NO_PIC = NO;
				GCC_NO_COMMON_BLOCKS = YES;
				GCC_OPTIMIZATION_LEVEL = 0;
				GCC_PREPROCESSOR_DEFINITIONS = (
					"DEBUG=1",
					"$(inherited)",
				);
				GCC_WARN_64_TO_32_BIT_CONVERSION = YES;
				GCC_WARN_ABOUT_RETURN_TYPE = YES_ERROR;
				GCC_WARN_UNDECLARED_SELECTOR = YES;
				GCC_WARN_UNINITIALIZED_AUTOS = YES_AGGRESSIVE;
				GCC_WARN_UNUSED_FUNCTION = YES;
				GCC_WARN_UNUSED_VARIABLE = YES;
				LOCALIZATION_PREFERS_STRING_CATALOGS = YES;
				MACOSX_DEPLOYMENT_TARGET = 15.2;
				MTL_ENABLE_DEBUG_INFO = INCLUDE_SOURCE;
				MTL_FAST_MATH = YES;
				ONLY_ACTIVE_ARCH = YES;
				SDKROOT = macosx;
				SWIFT_ACTIVE_COMPILATION_CONDITIONS = "DEBUG $(inherited)";
				SWIFT_OPTIMIZATION_LEVEL = "-Onone";
			};
			name = Debug;
		};
		44910D322D8072CB00AF8397 /* Release */ = {
			isa = XCBuildConfiguration;
			buildSettings = {
				ALWAYS_SEARCH_USER_PATHS = NO;
				ASSETCATALOG_COMPILER_GENERATE_SWIFT_ASSET_SYMBOL_EXTENSIONS = YES;
				CLANG_ANALYZER_NONNULL = YES;
				CLANG_ANALYZER_NUMBER_OBJECT_CONVERSION = YES_AGGRESSIVE;
				CLANG_CXX_LANGUAGE_STANDARD = "gnu++20";
				CLANG_ENABLE_MODULES = YES;
				CLANG_ENABLE_OBJC_ARC = YES;
				CLANG_ENABLE_OBJC_WEAK = YES;
				CLANG_WARN_BLOCK_CAPTURE_AUTORELEASING = YES;
				CLANG_WARN_BOOL_CONVERSION = YES;
				CLANG_WARN_COMMA = YES;
				CLANG_WARN_CONSTANT_CONVERSION = YES;
				CLANG_WARN_DEPRECATED_OBJC_IMPLEMENTATIONS = YES;
				CLANG_WARN_DIRECT_OBJC_ISA_USAGE = YES_ERROR;
				CLANG_WARN_DOCUMENTATION_COMMENTS = YES;
				CLANG_WARN_EMPTY_BODY = YES;
				CLANG_WARN_ENUM_CONVERSION = YES;
				CLANG_WARN_INFINITE_RECURSION = YES;
				CLANG_WARN_INT_CONVERSION = YES;
				CLANG_WARN_NON_LITERAL_NULL_CONVERSION = YES;
				CLANG_WARN_OBJC_IMPLICIT_RETAIN_SELF = YES;
				CLANG_WARN_OBJC_LITERAL_CONVERSION = YES;
				CLANG_WARN_OBJC_ROOT_CLASS = YES_ERROR;
				CLANG_WARN_QUOTED_INCLUDE_IN_FRAMEWORK_HEADER = YES;
				CLANG_WARN_RANGE_LOOP_ANALYSIS = YES;
				CLANG_WARN_STRICT_PROTOTYPES = YES;
				CLANG_WARN_SUSPICIOUS_MOVE = YES;
				CLANG_WARN_UNGUARDED_AVAILABILITY = YES_AGGRESSIVE;
				CLANG_WARN_UNREACHABLE_CODE = YES;
				CLANG_WARN__DUPLICATE_METHOD_MATCH = YES;
				COPY_PHASE_STRIP = NO;
				DEBUG_INFORMATION_FORMAT = "dwarf-with-dsym";
				ENABLE_NS_ASSERTIONS = NO;
				ENABLE_STRICT_OBJC_MSGSEND = YES;
				ENABLE_USER_SCRIPT_SANDBOXING = YES;
				GCC_C_LANGUAGE_STANDARD = gnu17;
				GCC_NO_COMMON_BLOCKS = YES;
				GCC_WARN_64_TO_32_BIT_CONVERSION = YES;
				GCC_WARN_ABOUT_RETURN_TYPE = YES_ERROR;
				GCC_WARN_UNDECLARED_SELECTOR = YES;
				GCC_WARN_UNINITIALIZED_AUTOS = YES_AGGRESSIVE;
				GCC_WARN_UNUSED_FUNCTION = YES;
				GCC_WARN_UNUSED_VARIABLE = YES;
				LOCALIZATION_PREFERS_STRING_CATALOGS = YES;
				MACOSX_DEPLOYMENT_TARGET = 15.2;
				MTL_ENABLE_DEBUG_INFO = NO;
				MTL_FAST_MATH = YES;
				SDKROOT = macosx;
				SWIFT_COMPILATION_MODE = wholemodule;
			};
			name = Release;
		};
		44910D342D8072CB00AF8397 /* Debug */ = {
			isa = XCBuildConfiguration;
			buildSettings = {
				ASSETCATALOG_COMPILER_APPICON_NAME = AppIcon;
				ASSETCATALOG_COMPILER_GLOBAL_ACCENT_COLOR_NAME = AccentColor;
				ASSETCATALOG_COMPILER_INCLUDE_ALL_APPICON_ASSETS = YES;
				CODE_SIGN_ENTITLEMENTS = "Month Budget/Month_Budget.entitlements";
				CODE_SIGN_STYLE = Automatic;
				COMBINE_HIDPI_IMAGES = YES;
				CURRENT_PROJECT_VERSION = 1;
				DEVELOPMENT_ASSET_PATHS = "\"/Users/kirilltokarev/Programming/XCode/Me/Month Budget/Month Budget/Frontend/Preview Content\"";
				ENABLE_PREVIEWS = YES;
				GENERATE_INFOPLIST_FILE = YES;
				INFOPLIST_KEY_LSApplicationCategoryType = "public.app-category.finance";
				INFOPLIST_KEY_NSHumanReadableCopyright = "";
				LD_RUNPATH_SEARCH_PATHS = (
					"$(inherited)",
					"@executable_path/../Frameworks",
				);
				MARKETING_VERSION = 1.0;
				PRODUCT_BUNDLE_IDENTIFIER = "Test.Month-Budget";
				PRODUCT_NAME = "$(TARGET_NAME)";
				SWIFT_EMIT_LOC_STRINGS = YES;
				SWIFT_VERSION = 5.0;
			};
			name = Debug;
		};
		44910D352D8072CB00AF8397 /* Release */ = {
			isa = XCBuildConfiguration;
			buildSettings = {
				ASSETCATALOG_COMPILER_APPICON_NAME = AppIcon;
				ASSETCATALOG_COMPILER_GLOBAL_ACCENT_COLOR_NAME = AccentColor;
				ASSETCATALOG_COMPILER_INCLUDE_ALL_APPICON_ASSETS = YES;
				CODE_SIGN_ENTITLEMENTS = "Month Budget/Month_Budget.entitlements";
				CODE_SIGN_STYLE = Automatic;
				COMBINE_HIDPI_IMAGES = YES;
				CURRENT_PROJECT_VERSION = 1;
				DEVELOPMENT_ASSET_PATHS = "\"/Users/kirilltokarev/Programming/XCode/Me/Month Budget/Month Budget/Frontend/Preview Content\"";
				ENABLE_PREVIEWS = YES;
				GENERATE_INFOPLIST_FILE = YES;
				INFOPLIST_KEY_LSApplicationCategoryType = "public.app-category.finance";
				INFOPLIST_KEY_NSHumanReadableCopyright = "";
				LD_RUNPATH_SEARCH_PATHS = (
					"$(inherited)",
					"@executable_path/../Frameworks",
				);
				MARKETING_VERSION = 1.0;
				PRODUCT_BUNDLE_IDENTIFIER = "Test.Month-Budget";
				PRODUCT_NAME = "$(TARGET_NAME)";
				SWIFT_EMIT_LOC_STRINGS = YES;
				SWIFT_VERSION = 5.0;
			};
			name = Release;
		};
		44910D372D8072CB00AF8397 /* Debug */ = {
			isa = XCBuildConfiguration;
			buildSettings = {
				BUNDLE_LOADER = "$(TEST_HOST)";
				CODE_SIGN_STYLE = Automatic;
				CURRENT_PROJECT_VERSION = 1;
				GENERATE_INFOPLIST_FILE = YES;
				MACOSX_DEPLOYMENT_TARGET = 15.2;
				MARKETING_VERSION = 1.0;
				PRODUCT_BUNDLE_IDENTIFIER = "Test.Month-BudgetTests";
				PRODUCT_NAME = "$(TARGET_NAME)";
				SWIFT_EMIT_LOC_STRINGS = NO;
				SWIFT_VERSION = 5.0;
				TEST_HOST = "$(BUILT_PRODUCTS_DIR)/Month Budget.app/$(BUNDLE_EXECUTABLE_FOLDER_PATH)/Month Budget";
			};
			name = Debug;
		};
		44910D382D8072CB00AF8397 /* Release */ = {
			isa = XCBuildConfiguration;
			buildSettings = {
				BUNDLE_LOADER = "$(TEST_HOST)";
				CODE_SIGN_STYLE = Automatic;
				CURRENT_PROJECT_VERSION = 1;
				GENERATE_INFOPLIST_FILE = YES;
				MACOSX_DEPLOYMENT_TARGET = 15.2;
				MARKETING_VERSION = 1.0;
				PRODUCT_BUNDLE_IDENTIFIER = "Test.Month-BudgetTests";
				PRODUCT_NAME = "$(TARGET_NAME)";
				SWIFT_EMIT_LOC_STRINGS = NO;
				SWIFT_VERSION = 5.0;
				TEST_HOST = "$(BUILT_PRODUCTS_DIR)/Month Budget.app/$(BUNDLE_EXECUTABLE_FOLDER_PATH)/Month Budget";
			};
			name = Release;
		};
		44910D3A2D8072CB00AF8397 /* Debug */ = {
			isa = XCBuildConfiguration;
			buildSettings = {
				CODE_SIGN_STYLE = Automatic;
				CURRENT_PROJECT_VERSION = 1;
				GENERATE_INFOPLIST_FILE = YES;
				MARKETING_VERSION = 1.0;
				PRODUCT_BUNDLE_IDENTIFIER = "Test.Month-BudgetUITests";
				PRODUCT_NAME = "$(TARGET_NAME)";
				SWIFT_EMIT_LOC_STRINGS = NO;
				SWIFT_VERSION = 5.0;
				TEST_TARGET_NAME = "Month Budget";
			};
			name = Debug;
		};
		44910D3B2D8072CB00AF8397 /* Release */ = {
			isa = XCBuildConfiguration;
			buildSettings = {
				CODE_SIGN_STYLE = Automatic;
				CURRENT_PROJECT_VERSION = 1;
				GENERATE_INFOPLIST_FILE = YES;
				MARKETING_VERSION = 1.0;
				PRODUCT_BUNDLE_IDENTIFIER = "Test.Month-BudgetUITests";
				PRODUCT_NAME = "$(TARGET_NAME)";
				SWIFT_EMIT_LOC_STRINGS = NO;
				SWIFT_VERSION = 5.0;
				TEST_TARGET_NAME = "Month Budget";
			};
			name = Release;
		};
/* End XCBuildConfiguration section */

/* Begin XCConfigurationList section */
		44910D042D8072C800AF8397 /* Build configuration list for PBXProject "Month Budget" */ = {
			isa = XCConfigurationList;
			buildConfigurations = (
				44910D312D8072CB00AF8397 /* Debug */,
				44910D322D8072CB00AF8397 /* Release */,
			);
			defaultConfigurationIsVisible = 0;
			defaultConfigurationName = Release;
		};
		44910D332D8072CB00AF8397 /* Build configuration list for PBXNativeTarget "Month Budget" */ = {
			isa = XCConfigurationList;
			buildConfigurations = (
				44910D342D8072CB00AF8397 /* Debug */,
				44910D352D8072CB00AF8397 /* Release */,
			);
			defaultConfigurationIsVisible = 0;
			defaultConfigurationName = Release;
		};
		44910D362D8072CB00AF8397 /* Build configuration list for PBXNativeTarget "Month BudgetTests" */ = {
			isa = XCConfigurationList;
			buildConfigurations = (
				44910D372D8072CB00AF8397 /* Debug */,
				44910D382D8072CB00AF8397 /* Release */,
			);
			defaultConfigurationIsVisible = 0;
			defaultConfigurationName = Release;
		};
		44910D392D8072CB00AF8397 /* Build configuration list for PBXNativeTarget "Month BudgetUITests" */ = {
			isa = XCConfigurationList;
			buildConfigurations = (
				44910D3A2D8072CB00AF8397 /* Debug */,
				44910D3B2D8072CB00AF8397 /* Release */,
			);
			defaultConfigurationIsVisible = 0;
			defaultConfigurationName = Release;
		};
/* End XCConfigurationList section */
	};
	rootObject = 44910D012D8072C800AF8397 /* Project object */;
}
